
Microsoft Visual Studio Solution File, Format Version 12.00
# Visual Studio Version 16
VisualStudioVersion = 16.0.30413.136
MinimumVisualStudioVersion = 10.0.40219.1
Project("{FAE04EC0-301F-11D3-BF4B-00C04F79EFBC}") = "WhileLoop", "WhileLoop\WhileLoop.csproj", "{0FE60476-9488-4D4E-AF6E-B5931FF92190}"
EndProject
Project("{FAE04EC0-301F-11D3-BF4B-00C04F79EFBC}") = "GuessGame", "GuessGame\GuessGame.csproj", "{EB3E6984-DE14-48A2-9AB2-3CEA8A55A2BA}"
EndProject
Project("{FAE04EC0-301F-11D3-BF4B-00C04F79EFBC}") = "ThreeTries", "ThreeTries\ThreeTries.csproj", "{D4D6C84F-31FD-4CE5-8FF6-8198012F6F15}"
EndProject
Global
	GlobalSection(SolutionConfigurationPlatforms) = preSolution
		Debug|Any CPU = Debug|Any CPU
		Release|Any CPU = Release|Any CPU
	EndGlobalSection
	GlobalSection(ProjectConfigurationPlatforms) = postSolution
		{0FE60476-9488-4D4E-AF6E-B5931FF92190}.Debug|Any CPU.ActiveCfg = Debug|Any CPU
		{0FE60476-9488-4D4E-AF6E-B5931FF92190}.Debug|Any CPU.Build.0 = Debug|Any CPU
		{0FE60476-9488-4D4E-AF6E-B5931FF92190}.Release|Any CPU.ActiveCfg = Release|Any CPU
		{0FE60476-9488-4D4E-AF6E-B5931FF92190}.Release|Any CPU.Build.0 = Release|Any CPU
		{EB3E6984-DE14-48A2-9AB2-3CEA8A55A2BA}.Debug|Any CPU.ActiveCfg = Debug|Any CPU
		{EB3E6984-DE14-48A2-9AB2-3CEA8A55A2BA}.Debug|Any CPU.Build.0 = Debug|Any CPU
		{EB3E6984-DE14-48A2-9AB2-3CEA8A55A2BA}.Release|Any CPU.ActiveCfg = Release|Any CPU
		{EB3E6984-DE14-48A2-9AB2-3CEA8A55A2BA}.Release|Any CPU.Build.0 = Release|Any CPU
		{D4D6C84F-31FD-4CE5-8FF6-8198012F6F15}.Debug|Any CPU.ActiveCfg = Debug|Any CPU
		{D4D6C84F-31FD-4CE5-8FF6-8198012F6F15}.Debug|Any CPU.Build.0 = Debug|Any CPU
		{D4D6C84F-31FD-4CE5-8FF6-8198012F6F15}.Release|Any CPU.ActiveCfg = Release|Any CPU
		{D4D6C84F-31FD-4CE5-8FF6-8198012F6F15}.Release|Any CPU.Build.0 = Release|Any CPU
	EndGlobalSection
	GlobalSection(SolutionProperties) = preSolution
		HideSolutionNode = FALSE
	EndGlobalSection
	GlobalSection(ExtensibilityGlobals) = postSolution
		SolutionGuid = {74684317-6DC5-4D21-A047-7C6125812F36}
	EndGlobalSection
EndGlobal
